PODS:
  - FSCalendar (2.8.4)
  - Gecco (2.0.0)

DEPENDENCIES:
  - FSCalendar
  - Gecco

SPEC REPOS:
  trunk:
    - FSCalendar
    - Gecco

SPEC CHECKSUMS:
  FSCalendar: 2d1d0d9398f12d439f55c1fe0f01525b151b8260
  Gecco: 6d4225d0b58f6cf952d198a831904d50e646ec3f

PODFILE CHECKSUM: 32ae75d01c24543add196d200dc213db413b0d11

COCOAPODS: 1.11.3
