// !$*UTF8*$!
{
	archiveVersion = 1;
	classes = {
	};
	objectVersion = 55;
	objects = {

/* Begin PBXBuildFile section */
		15AE1597284F09600054EEB1 /* AppDelegate.swift in Sources */ = {isa = PBXBuildFile; fileRef = 15AE1596284F09600054EEB1 /* AppDelegate.swift */; };
		15AE1599284F09600054EEB1 /* SceneDelegate.swift in Sources */ = {isa = PBXBuildFile; fileRef = 15AE1598284F09600054EEB1 /* SceneDelegate.swift */; };
		15AE159B284F09600054EEB1 /* ViewController.swift in Sources */ = {isa = PBXBuildFile; fileRef = 15AE159A284F09600054EEB1 /* ViewController.swift */; };
		15AE159E284F09600054EEB1 /* Main.storyboard in Resources */ = {isa = PBXBuildFile; fileRef = 15AE159C284F09600054EEB1 /* Main.storyboard */; };
		15AE15A1284F09600054EEB1 /* testing.xcdatamodeld in Sources */ = {isa = PBXBuildFile; fileRef = 15AE159F284F09600054EEB1 /* testing.xcdatamodeld */; };
		15AE15A3284F09610054EEB1 /* Assets.xcassets in Resources */ = {isa = PBXBuildFile; fileRef = 15AE15A2284F09610054EEB1 /* Assets.xcassets */; };
		15AE15A6284F09610054EEB1 /* LaunchScreen.storyboard in Resources */ = {isa = PBXBuildFile; fileRef = 15AE15A4284F09610054EEB1 /* LaunchScreen.storyboard */; };
		15AE15B1284F09610054EEB1 /* testingTests.swift in Sources */ = {isa = PBXBuildFile; fileRef = 15AE15B0284F09610054EEB1 /* testingTests.swift */; };
		15AE15BB284F09620054EEB1 /* testingUITests.swift in Sources */ = {isa = PBXBuildFile; fileRef = 15AE15BA284F09620054EEB1 /* testingUITests.swift */; };
		15AE15BD284F09620054EEB1 /* testingUITestsLaunchTests.swift in Sources */ = {isa = PBXBuildFile; fileRef = 15AE15BC284F09620054EEB1 /* testingUITestsLaunchTests.swift */; };
/* End PBXBuildFile section */

/* Begin PBXContainerItemProxy section */
		15AE15AD284F09610054EEB1 /* PBXContainerItemProxy */ = {
			isa = PBXContainerItemProxy;
			containerPortal = 15AE158B284F09600054EEB1 /* Project object */;
			proxyType = 1;
			remoteGlobalIDString = 15AE1592284F09600054EEB1;
			remoteInfo = testing;
		};
		15AE15B7284F09610054EEB1 /* PBXContainerItemProxy */ = {
			isa = PBXContainerItemProxy;
			containerPortal = 15AE158B284F09600054EEB1 /* Project object */;
			proxyType = 1;
			remoteGlobalIDString = 15AE1592284F09600054EEB1;
			remoteInfo = testing;
		};
/* End PBXContainerItemProxy section */

/* Begin PBXFileReference section */
		15AE1593284F09600054EEB1 /* testing.app */ = {isa = PBXFileReference; explicitFileType = wrapper.application; includeInIndex = 0; path = testing.app; sourceTree = BUILT_PRODUCTS_DIR; };
		15AE1596284F09600054EEB1 /* AppDelegate.swift */ = {isa = PBXFileReference; lastKnownFileType = sourcecode.swift; path = AppDelegate.swift; sourceTree = "<group>"; };
		15AE1598284F09600054EEB1 /* SceneDelegate.swift */ = {isa = PBXFileReference; lastKnownFileType = sourcecode.swift; path = SceneDelegate.swift; sourceTree = "<group>"; };
		15AE159A284F09600054EEB1 /* ViewController.swift */ = {isa = PBXFileReference; lastKnownFileType = sourcecode.swift; path = ViewController.swift; sourceTree = "<group>"; };
		15AE159D284F09600054EEB1 /* Base */ = {isa = PBXFileReference; lastKnownFileType = file.storyboard; name = Base; path = Base.lproj/Main.storyboard; sourceTree = "<group>"; };
		15AE15A0284F09600054EEB1 /* testing.xcdatamodel */ = {isa = PBXFileReference; lastKnownFileType = wrapper.xcdatamodel; path = testing.xcdatamodel; sourceTree = "<group>"; };
		15AE15A2284F09610054EEB1 /* Assets.xcassets */ = {isa = PBXFileReference; lastKnownFileType = folder.assetcatalog; path = Assets.xcassets; sourceTree = "<group>"; };
		15AE15A5284F09610054EEB1 /* Base */ = {isa = PBXFileReference; lastKnownFileType = file.storyboard; name = Base; path = Base.lproj/LaunchScreen.storyboard; sourceTree = "<group>"; };
		15AE15A7284F09610054EEB1 /* Info.plist */ = {isa = PBXFileReference; lastKnownFileType = text.plist.xml; path = Info.plist; sourceTree = "<group>"; };
		15AE15AC284F09610054EEB1 /* testingTests.xctest */ = {isa = PBXFileReference; explicitFileType = wrapper.cfbundle; includeInIndex = 0; path = testingTests.xctest; sourceTree = BUILT_PRODUCTS_DIR; };
		15AE15B0284F09610054EEB1 /* testingTests.swift */ = {isa = PBXFileReference; lastKnownFileType = sourcecode.swift; path = testingTests.swift; sourceTree = "<group>"; };
		15AE15B6284F09610054EEB1 /* testingUITests.xctest */ = {isa = PBXFileReference; explicitFileType = wrapper.cfbundle; includeInIndex = 0; path = testingUITests.xctest; sourceTree = BUILT_PRODUCTS_DIR; };
		15AE15BA284F09620054EEB1 /* testingUITests.swift */ = {isa = PBXFileReference; lastKnownFileType = sourcecode.swift; path = testingUITests.swift; sourceTree = "<group>"; };
		15AE15BC284F09620054EEB1 /* testingUITestsLaunchTests.swift */ = {isa = PBXFileReference; lastKnownFileType = sourcecode.swift; path = testingUITestsLaunchTests.swift; sourceTree = "<group>"; };
/* End PBXFileReference section */

/* Begin PBXFrameworksBuildPhase section */
		15AE1590284F09600054EEB1 /* Frameworks */ = {
			isa = PBXFrameworksBuildPhase;
			buildActionMask = 2147483647;
			files = (
			);
			runOnlyForDeploymentPostprocessing = 0;
		};
		15AE15A9284F09610054EEB1 /* Frameworks */ = {
			isa = PBXFrameworksBuildPhase;
			buildActionMask = 2147483647;
			files = (
			);
			runOnlyForDeploymentPostprocessing = 0;
		};
		15AE15B3284F09610054EEB1 /* Frameworks */ = {
			isa = PBXFrameworksBuildPhase;
			buildActionMask = 2147483647;
			files = (
			);
			runOnlyForDeploymentPostprocessing = 0;
		};
/* End PBXFrameworksBuildPhase section */

/* Begin PBXGroup section */
		15AE158A284F09600054EEB1 = {
			isa = PBXGroup;
			children = (
				15AE1595284F09600054EEB1 /* testing */,
				15AE15AF284F09610054EEB1 /* testingTests */,
				15AE15B9284F09620054EEB1 /* testingUITests */,
				15AE1594284F09600054EEB1 /* Products */,
			);
			sourceTree = "<group>";
		};
		15AE1594284F09600054EEB1 /* Products */ = {
			isa = PBXGroup;
			children = (
				15AE1593284F09600054EEB1 /* testing.app */,
				15AE15AC284F09610054EEB1 /* testingTests.xctest */,
				15AE15B6284F09610054EEB1 /* testingUITests.xctest */,
			);
			name = Products;
			sourceTree = "<group>";
		};
		15AE1595284F09600054EEB1 /* testing */ = {
			isa = PBXGroup;
			children = (
				15AE1596284F09600054EEB1 /* AppDelegate.swift */,
				15AE1598284F09600054EEB1 /* SceneDelegate.swift */,
				15AE159A284F09600054EEB1 /* ViewController.swift */,
				15AE159C284F09600054EEB1 /* Main.storyboard */,
				15AE15A2284F09610054EEB1 /* Assets.xcassets */,
				15AE15A4284F09610054EEB1 /* LaunchScreen.storyboard */,
				15AE15A7284F09610054EEB1 /* Info.plist */,
				15AE159F284F09600054EEB1 /* testing.xcdatamodeld */,
			);
			path = testing;
			sourceTree = "<group>";
		};
		15AE15AF284F09610054EEB1 /* testingTests */ = {
			isa = PBXGroup;
			children = (
				15AE15B0284F09610054EEB1 /* testingTests.swift */,
			);
			path = testingTests;
			sourceTree = "<group>";
		};
		15AE15B9284F09620054EEB1 /* testingUITests */ = {
			isa = PBXGroup;
			children = (
				15AE15BA284F09620054EEB1 /* testingUITests.swift */,
				15AE15BC284F09620054EEB1 /* testingUITestsLaunchTests.swift */,
			);
			path = testingUITests;
			sourceTree = "<group>";
		};
/* End PBXGroup section */

/* Begin PBXNativeTarget section */
		15AE1592284F09600054EEB1 /* testing */ = {
			isa = PBXNativeTarget;
			buildConfigurationList = 15AE15C0284F09620054EEB1 /* Build configuration list for PBXNativeTarget "testing" */;
			buildPhases = (
				15AE158F284F09600054EEB1 /* Sources */,
				15AE1590284F09600054EEB1 /* Frameworks */,
				15AE1591284F09600054EEB1 /* Resources */,
			);
			buildRules = (
			);
			dependencies = (
			);
			name = testing;
			productName = testing;
			productReference = 15AE1593284F09600054EEB1 /* testing.app */;
			productType = "com.apple.product-type.application";
		};
		15AE15AB284F09610054EEB1 /* testingTests */ = {
			isa = PBXNativeTarget;
			buildConfigurationList = 15AE15C3284F09620054EEB1 /* Build configuration list for PBXNativeTarget "testingTests" */;
			buildPhases = (
				15AE15A8284F09610054EEB1 /* Sources */,
				15AE15A9284F09610054EEB1 /* Frameworks */,
				15AE15AA284F09610054EEB1 /* Resources */,
			);
			buildRules = (
			);
			dependencies = (
				15AE15AE284F09610054EEB1 /* PBXTargetDependency */,
			);
			name = testingTests;
			productName = testingTests;
			productReference = 15AE15AC284F09610054EEB1 /* testingTests.xctest */;
			productType = "com.apple.product-type.bundle.unit-test";
		};
		15AE15B5284F09610054EEB1 /* testingUITests */ = {
			isa = PBXNativeTarget;
			buildConfigurationList = 15AE15C6284F09620054EEB1 /* Build configuration list for PBXNativeTarget "testingUITests" */;
			buildPhases = (
				15AE15B2284F09610054EEB1 /* Sources */,
				15AE15B3284F09610054EEB1 /* Frameworks */,
				15AE15B4284F09610054EEB1 /* Resources */,
			);
			buildRules = (
			);
			dependencies = (
				15AE15B8284F09610054EEB1 /* PBXTargetDependency */,
			);
			name = testingUITests;
			productName = testingUITests;
			productReference = 15AE15B6284F09610054EEB1 /* testingUITests.xctest */;
			productType = "com.apple.product-type.bundle.ui-testing";
		};
/* End PBXNativeTarget section */

/* Begin PBXProject section */
		15AE158B284F09600054EEB1 /* Project object */ = {
			isa = PBXProject;
			attributes = {
				BuildIndependentTargetsInParallel = 1;
				LastSwiftUpdateCheck = 1330;
				LastUpgradeCheck = 1330;
				TargetAttributes = {
					15AE1592284F09600054EEB1 = {
						CreatedOnToolsVersion = 13.3;
					};
					15AE15AB284F09610054EEB1 = {
						CreatedOnToolsVersion = 13.3;
						TestTargetID = 15AE1592284F09600054EEB1;
					};
					15AE15B5284F09610054EEB1 = {
						CreatedOnToolsVersion = 13.3;
						TestTargetID = 15AE1592284F09600054EEB1;
					};
				};
			};
			buildConfigurationList = 15AE158E284F09600054EEB1 /* Build configuration list for PBXProject "testing" */;
			compatibilityVersion = "Xcode 13.0";
			developmentRegion = en;
			hasScannedForEncodings = 0;
			knownRegions = (
				en,
				Base,
			);
			mainGroup = 15AE158A284F09600054EEB1;
			productRefGroup = 15AE1594284F09600054EEB1 /* Products */;
			projectDirPath = "";
			projectRoot = "";
			targets = (
				15AE1592284F09600054EEB1 /* testing */,
				15AE15AB284F09610054EEB1 /* testingTests */,
				15AE15B5284F09610054EEB1 /* testingUITests */,
			);
		};
/* End PBXProject section */

/* Begin PBXResourcesBuildPhase section */
		15AE1591284F09600054EEB1 /* Resources */ = {
			isa = PBXResourcesBuildPhase;
			buildActionMask = 2147483647;
			files = (
				15AE15A6284F09610054EEB1 /* LaunchScreen.storyboard in Resources */,
				15AE15A3284F09610054EEB1 /* Assets.xcassets in Resources */,
				15AE159E284F09600054EEB1 /* Main.storyboard in Resources */,
			);
			runOnlyForDeploymentPostprocessing = 0;
		};
		15AE15AA284F09610054EEB1 /* Resources */ = {
			isa = PBXResourcesBuildPhase;
			buildActionMask = 2147483647;
			files = (
			);
			runOnlyForDeploymentPostprocessing = 0;
		};
		15AE15B4284F09610054EEB1 /* Resources */ = {
			isa = PBXResourcesBuildPhase;
			buildActionMask = 2147483647;
			files = (
			);
			runOnlyForDeploymentPostprocessing = 0;
		};
/* End PBXResourcesBuildPhase section */

/* Begin PBXSourcesBuildPhase section */
		15AE158F284F09600054EEB1 /* Sources */ = {
			isa = PBXSourcesBuildPhase;
			buildActionMask = 2147483647;
			files = (
				15AE159B284F09600054EEB1 /* ViewController.swift in Sources */,
				15AE1597284F09600054EEB1 /* AppDelegate.swift in Sources */,
				15AE15A1284F09600054EEB1 /* testing.xcdatamodeld in Sources */,
				15AE1599284F09600054EEB1 /* SceneDelegate.swift in Sources */,
			);
			runOnlyForDeploymentPostprocessing = 0;
		};
		15AE15A8284F09610054EEB1 /* Sources */ = {
			isa = PBXSourcesBuildPhase;
			buildActionMask = 2147483647;
			files = (
				15AE15B1284F09610054EEB1 /* testingTests.swift in Sources */,
			);
			runOnlyForDeploymentPostprocessing = 0;
		};
		15AE15B2284F09610054EEB1 /* Sources */ = {
			isa = PBXSourcesBuildPhase;
			buildActionMask = 2147483647;
			files = (
				15AE15BB284F09620054EEB1 /* testingUITests.swift in Sources */,
				15AE15BD284F09620054EEB1 /* testingUITestsLaunchTests.swift in Sources */,
			);
			runOnlyForDeploymentPostprocessing = 0;
		};
/* End PBXSourcesBuildPhase section */

/* Begin PBXTargetDependency section */
		15AE15AE284F09610054EEB1 /* PBXTargetDependency */ = {
			isa = PBXTargetDependency;
			target = 15AE1592284F09600054EEB1 /* testing */;
			targetProxy = 15AE15AD284F09610054EEB1 /* PBXContainerItemProxy */;
		};
		15AE15B8284F09610054EEB1 /* PBXTargetDependency */ = {
			isa = PBXTargetDependency;
			target = 15AE1592284F09600054EEB1 /* testing */;
			targetProxy = 15AE15B7284F09610054EEB1 /* PBXContainerItemProxy */;
		};
/* End PBXTargetDependency section */

/* Begin PBXVariantGroup section */
		15AE159C284F09600054EEB1 /* Main.storyboard */ = {
			isa = PBXVariantGroup;
			children = (
				15AE159D284F09600054EEB1 /* Base */,
			);
			name = Main.storyboard;
			sourceTree = "<group>";
		};
		15AE15A4284F09610054EEB1 /* LaunchScreen.storyboard */ = {
			isa = PBXVariantGroup;
			children = (
				15AE15A5284F09610054EEB1 /* Base */,
			);
			name = LaunchScreen.storyboard;
			sourceTree = "<group>";
		};
/* End PBXVariantGroup section */

/* Begin XCBuildConfiguration section */
		15AE15BE284F09620054EEB1 /* Debug */ = {
			isa = XCBuildConfiguration;
			buildSettings = {
				ALWAYS_SEARCH_USER_PATHS = NO;
				CLANG_ANALYZER_NONNULL = YES;
				CLANG_ANALYZER_NUMBER_OBJECT_CONVERSION = YES_AGGRESSIVE;
				CLANG_CXX_LANGUAGE_STANDARD = "gnu++17";
				CLANG_ENABLE_MODULES = YES;
				CLANG_ENABLE_OBJC_ARC = YES;
				CLANG_ENABLE_OBJC_WEAK = YES;
				CLANG_WARN_BLOCK_CAPTURE_AUTORELEASING = YES;
				CLANG_WARN_BOOL_CONVERSION = YES;
				CLANG_WARN_COMMA = YES;
				CLANG_WARN_CONSTANT_CONVERSION = YES;
				CLANG_WARN_DEPRECATED_OBJC_IMPLEMENTATIONS = YES;
				CLANG_WARN_DIRECT_OBJC_ISA_USAGE = YES_ERROR;
				CLANG_WARN_DOCUMENTATION_COMMENTS = YES;
				CLANG_WARN_EMPTY_BODY = YES;
				CLANG_WARN_ENUM_CONVERSION = YES;
				CLANG_WARN_INFINITE_RECURSION = YES;
				CLANG_WARN_INT_CONVERSION = YES;
				CLANG_WARN_NON_LITERAL_NULL_CONVERSION = YES;
				CLANG_WARN_OBJC_IMPLICIT_RETAIN_SELF = YES;
				CLANG_WARN_OBJC_LITERAL_CONVERSION = YES;
				CLANG_WARN_OBJC_ROOT_CLASS = YES_ERROR;
				CLANG_WARN_QUOTED_INCLUDE_IN_FRAMEWORK_HEADER = YES;
				CLANG_WARN_RANGE_LOOP_ANALYSIS = YES;
				CLANG_WARN_STRICT_PROTOTYPES = YES;
				CLANG_WARN_SUSPICIOUS_MOVE = YES;
				CLANG_WARN_UNGUARDED_AVAILABILITY = YES_AGGRESSIVE;
				CLANG_WARN_UNREACHABLE_CODE = YES;
				CLANG_WARN__DUPLICATE_METHOD_MATCH = YES;
				COPY_PHASE_STRIP = NO;
				DEBUG_INFORMATION_FORMAT = dwarf;
				ENABLE_STRICT_OBJC_MSGSEND = YES;
				ENABLE_TESTABILITY = YES;
				GCC_C_LANGUAGE_STANDARD = gnu11;
				GCC_DYNAMIC_NO_PIC = NO;
				GCC_NO_COMMON_BLOCKS = YES;
				GCC_OPTIMIZATION_LEVEL = 0;
				GCC_PREPROCESSOR_DEFINITIONS = (
					"DEBUG=1",
					"$(inherited)",
				);
				GCC_WARN_64_TO_32_BIT_CONVERSION = YES;
				GCC_WARN_ABOUT_RETURN_TYPE = YES_ERROR;
				GCC_WARN_UNDECLARED_SELECTOR = YES;
				GCC_WARN_UNINITIALIZED_AUTOS = YES_AGGRESSIVE;
				GCC_WARN_UNUSED_FUNCTION = YES;
				GCC_WARN_UNUSED_VARIABLE = YES;
				IPHONEOS_DEPLOYMENT_TARGET = 15.4;
				MTL_ENABLE_DEBUG_INFO = INCLUDE_SOURCE;
				MTL_FAST_MATH = YES;
				ONLY_ACTIVE_ARCH = YES;
				SDKROOT = iphoneos;
				SWIFT_ACTIVE_COMPILATION_CONDITIONS = DEBUG;
				SWIFT_OPTIMIZATION_LEVEL = "-Onone";
			};
			name = Debug;
		};
		15AE15BF284F09620054EEB1 /* Release */ = {
			isa = XCBuildConfiguration;
			buildSettings = {
				ALWAYS_SEARCH_USER_PATHS = NO;
				CLANG_ANALYZER_NONNULL = YES;
				CLANG_ANALYZER_NUMBER_OBJECT_CONVERSION = YES_AGGRESSIVE;
				CLANG_CXX_LANGUAGE_STANDARD = "gnu++17";
				CLANG_ENABLE_MODULES = YES;
				CLANG_ENABLE_OBJC_ARC = YES;
				CLANG_ENABLE_OBJC_WEAK = YES;
				CLANG_WARN_BLOCK_CAPTURE_AUTORELEASING = YES;
				CLANG_WARN_BOOL_CONVERSION = YES;
				CLANG_WARN_COMMA = YES;
				CLANG_WARN_CONSTANT_CONVERSION = YES;
				CLANG_WARN_DEPRECATED_OBJC_IMPLEMENTATIONS = YES;
				CLANG_WARN_DIRECT_OBJC_ISA_USAGE = YES_ERROR;
				CLANG_WARN_DOCUMENTATION_COMMENTS = YES;
				CLANG_WARN_EMPTY_BODY = YES;
				CLANG_WARN_ENUM_CONVERSION = YES;
				CLANG_WARN_INFINITE_RECURSION = YES;
				CLANG_WARN_INT_CONVERSION = YES;
				CLANG_WARN_NON_LITERAL_NULL_CONVERSION = YES;
				CLANG_WARN_OBJC_IMPLICIT_RETAIN_SELF = YES;
				CLANG_WARN_OBJC_LITERAL_CONVERSION = YES;
				CLANG_WARN_OBJC_ROOT_CLASS = YES_ERROR;
				CLANG_WARN_QUOTED_INCLUDE_IN_FRAMEWORK_HEADER = YES;
				CLANG_WARN_RANGE_LOOP_ANALYSIS = YES;
				CLANG_WARN_STRICT_PROTOTYPES = YES;
				CLANG_WARN_SUSPICIOUS_MOVE = YES;
				CLANG_WARN_UNGUARDED_AVAILABILITY = YES_AGGRESSIVE;
				CLANG_WARN_UNREACHABLE_CODE = YES;
				CLANG_WARN__DUPLICATE_METHOD_MATCH = YES;
				COPY_PHASE_STRIP = NO;
				DEBUG_INFORMATION_FORMAT = "dwarf-with-dsym";
				ENABLE_NS_ASSERTIONS = NO;
				ENABLE_STRICT_OBJC_MSGSEND = YES;
				GCC_C_LANGUAGE_STANDARD = gnu11;
				GCC_NO_COMMON_BLOCKS = YES;
				GCC_WARN_64_TO_32_BIT_CONVERSION = YES;
				GCC_WARN_ABOUT_RETURN_TYPE = YES_ERROR;
				GCC_WARN_UNDECLARED_SELECTOR = YES;
				GCC_WARN_UNINITIALIZED_AUTOS = YES_AGGRESSIVE;
				GCC_WARN_UNUSED_FUNCTION = YES;
				GCC_WARN_UNUSED_VARIABLE = YES;
				IPHONEOS_DEPLOYMENT_TARGET = 15.4;
				MTL_ENABLE_DEBUG_INFO = NO;
				MTL_FAST_MATH = YES;
				SDKROOT = iphoneos;
				SWIFT_COMPILATION_MODE = wholemodule;
				SWIFT_OPTIMIZATION_LEVEL = "-O";
				VALIDATE_PRODUCT = YES;
			};
			name = Release;
		};
		15AE15C1284F09620054EEB1 /* Debug */ = {
			isa = XCBuildConfiguration;
			buildSettings = {
				ASSETCATALOG_COMPILER_APPICON_NAME = AppIcon;
				ASSETCATALOG_COMPILER_GLOBAL_ACCENT_COLOR_NAME = AccentColor;
				CODE_SIGN_STYLE = Automatic;
				CURRENT_PROJECT_VERSION = 1;
				GENERATE_INFOPLIST_FILE = YES;
				INFOPLIST_FILE = testing/Info.plist;
				INFOPLIST_KEY_UIApplicationSupportsIndirectInputEvents = YES;
				INFOPLIST_KEY_UILaunchStoryboardName = LaunchScreen;
				INFOPLIST_KEY_UIMainStoryboardFile = Main;
				INFOPLIST_KEY_UISupportedInterfaceOrientations_iPad = "UIInterfaceOrientationPortrait UIInterfaceOrientationPortraitUpsideDown UIInterfaceOrientationLandscapeLeft UIInterfaceOrientationLandscapeRight";
				INFOPLIST_KEY_UISupportedInterfaceOrientations_iPhone = "UIInterfaceOrientationPortrait UIInterfaceOrientationLandscapeLeft UIInterfaceOrientationLandscapeRight";
				LD_RUNPATH_SEARCH_PATHS = (
					"$(inherited)",
					"@executable_path/Frameworks",
				);
				MARKETING_VERSION = 1.0;
				PRODUCT_BUNDLE_IDENTIFIER = com.AppleDeveloperAcademyBinus.testing;
				PRODUCT_NAME = "$(TARGET_NAME)";
				SWIFT_EMIT_LOC_STRINGS = YES;
				SWIFT_VERSION = 5.0;
				TARGETED_DEVICE_FAMILY = "1,2";
			};
			name = Debug;
		};
		15AE15C2284F09620054EEB1 /* Release */ = {
			isa = XCBuildConfiguration;
			buildSettings = {
				ASSETCATALOG_COMPILER_APPICON_NAME = AppIcon;
				ASSETCATALOG_COMPILER_GLOBAL_ACCENT_COLOR_NAME = AccentColor;
				CODE_SIGN_STYLE = Automatic;
				CURRENT_PROJECT_VERSION = 1;
				GENERATE_INFOPLIST_FILE = YES;
				INFOPLIST_FILE = testing/Info.plist;
				INFOPLIST_KEY_UIApplicationSupportsIndirectInputEvents = YES;
				INFOPLIST_KEY_UILaunchStoryboardName = LaunchScreen;
				INFOPLIST_KEY_UIMainStoryboardFile = Main;
				INFOPLIST_KEY_UISupportedInterfaceOrientations_iPad = "UIInterfaceOrientationPortrait UIInterfaceOrientationPortraitUpsideDown UIInterfaceOrientationLandscapeLeft UIInterfaceOrientationLandscapeRight";
				INFOPLIST_KEY_UISupportedInterfaceOrientations_iPhone = "UIInterfaceOrientationPortrait UIInterfaceOrientationLandscapeLeft UIInterfaceOrientationLandscapeRight";
				LD_RUNPATH_SEARCH_PATHS = (
					"$(inherited)",
					"@executable_path/Frameworks",
				);
				MARKETING_VERSION = 1.0;
				PRODUCT_BUNDLE_IDENTIFIER = com.AppleDeveloperAcademyBinus.testing;
				PRODUCT_NAME = "$(TARGET_NAME)";
				SWIFT_EMIT_LOC_STRINGS = YES;
				SWIFT_VERSION = 5.0;
				TARGETED_DEVICE_FAMILY = "1,2";
			};
			name = Release;
		};
		15AE15C4284F09620054EEB1 /* Debug */ = {
			isa = XCBuildConfiguration;
			buildSettings = {
				ALWAYS_EMBED_SWIFT_STANDARD_LIBRARIES = YES;
				BUNDLE_LOADER = "$(TEST_HOST)";
				CODE_SIGN_STYLE = Automatic;
				CURRENT_PROJECT_VERSION = 1;
				GENERATE_INFOPLIST_FILE = YES;
				IPHONEOS_DEPLOYMENT_TARGET = 15.4;
				MARKETING_VERSION = 1.0;
				PRODUCT_BUNDLE_IDENTIFIER = com.AppleDeveloperAcademyBinus.testingTests;
				PRODUCT_NAME = "$(TARGET_NAME)";
				SWIFT_EMIT_LOC_STRINGS = NO;
				SWIFT_VERSION = 5.0;
				TARGETED_DEVICE_FAMILY = "1,2";
				TEST_HOST = "$(BUILT_PRODUCTS_DIR)/testing.app/testing";
			};
			name = Debug;
		};
		15AE15C5284F09620054EEB1 /* Release */ = {
			isa = XCBuildConfiguration;
			buildSettings = {
				ALWAYS_EMBED_SWIFT_STANDARD_LIBRARIES = YES;
				BUNDLE_LOADER = "$(TEST_HOST)";
				CODE_SIGN_STYLE = Automatic;
				CURRENT_PROJECT_VERSION = 1;
				GENERATE_INFOPLIST_FILE = YES;
				IPHONEOS_DEPLOYMENT_TARGET = 15.4;
				MARKETING_VERSION = 1.0;
				PRODUCT_BUNDLE_IDENTIFIER = com.AppleDeveloperAcademyBinus.testingTests;
				PRODUCT_NAME = "$(TARGET_NAME)";
				SWIFT_EMIT_LOC_STRINGS = NO;
				SWIFT_VERSION = 5.0;
				TARGETED_DEVICE_FAMILY = "1,2";
				TEST_HOST = "$(BUILT_PRODUCTS_DIR)/testing.app/testing";
			};
			name = Release;
		};
		15AE15C7284F09620054EEB1 /* Debug */ = {
			isa = XCBuildConfiguration;
			buildSettings = {
				ALWAYS_EMBED_SWIFT_STANDARD_LIBRARIES = YES;
				CODE_SIGN_STYLE = Automatic;
				CURRENT_PROJECT_VERSION = 1;
				GENERATE_INFOPLIST_FILE = YES;
				MARKETING_VERSION = 1.0;
				PRODUCT_BUNDLE_IDENTIFIER = com.AppleDeveloperAcademyBinus.testingUITests;
				PRODUCT_NAME = "$(TARGET_NAME)";
				SWIFT_EMIT_LOC_STRINGS = NO;
				SWIFT_VERSION = 5.0;
				TARGETED_DEVICE_FAMILY = "1,2";
				TEST_TARGET_NAME = testing;
			};
			name = Debug;
		};
		15AE15C8284F09620054EEB1 /* Release */ = {
			isa = XCBuildConfiguration;
			buildSettings = {
				ALWAYS_EMBED_SWIFT_STANDARD_LIBRARIES = YES;
				CODE_SIGN_STYLE = Automatic;
				CURRENT_PROJECT_VERSION = 1;
				GENERATE_INFOPLIST_FILE = YES;
				MARKETING_VERSION = 1.0;
				PRODUCT_BUNDLE_IDENTIFIER = com.AppleDeveloperAcademyBinus.testingUITests;
				PRODUCT_NAME = "$(TARGET_NAME)";
				SWIFT_EMIT_LOC_STRINGS = NO;
				SWIFT_VERSION = 5.0;
				TARGETED_DEVICE_FAMILY = "1,2";
				TEST_TARGET_NAME = testing;
			};
			name = Release;
		};
/* End XCBuildConfiguration section */

/* Begin XCConfigurationList section */
		15AE158E284F09600054EEB1 /* Build configuration list for PBXProject "testing" */ = {
			isa = XCConfigurationList;
			buildConfigurations = (
				15AE15BE284F09620054EEB1 /* Debug */,
				15AE15BF284F09620054EEB1 /* Release */,
			);
			defaultConfigurationIsVisible = 0;
			defaultConfigurationName = Release;
		};
		15AE15C0284F09620054EEB1 /* Build configuration list for PBXNativeTarget "testing" */ = {
			isa = XCConfigurationList;
			buildConfigurations = (
				15AE15C1284F09620054EEB1 /* Debug */,
				15AE15C2284F09620054EEB1 /* Release */,
			);
			defaultConfigurationIsVisible = 0;
			defaultConfigurationName = Release;
		};
		15AE15C3284F09620054EEB1 /* Build configuration list for PBXNativeTarget "testingTests" */ = {
			isa = XCConfigurationList;
			buildConfigurations = (
				15AE15C4284F09620054EEB1 /* Debug */,
				15AE15C5284F09620054EEB1 /* Release */,
			);
			defaultConfigurationIsVisible = 0;
			defaultConfigurationName = Release;
		};
		15AE15C6284F09620054EEB1 /* Build configuration list for PBXNativeTarget "testingUITests" */ = {
			isa = XCConfigurationList;
			buildConfigurations = (
				15AE15C7284F09620054EEB1 /* Debug */,
				15AE15C8284F09620054EEB1 /* Release */,
			);
			defaultConfigurationIsVisible = 0;
			defaultConfigurationName = Release;
		};
/* End XCConfigurationList section */

/* Begin XCVersionGroup section */
		15AE159F284F09600054EEB1 /* testing.xcdatamodeld */ = {
			isa = XCVersionGroup;
			children = (
				15AE15A0284F09600054EEB1 /* testing.xcdatamodel */,
			);
			currentVersion = 15AE15A0284F09600054EEB1 /* testing.xcdatamodel */;
			path = testing.xcdatamodeld;
			sourceTree = "<group>";
			versionGroupType = wrapper.xcdatamodel;
		};
/* End XCVersionGroup section */
	};
	rootObject = 15AE158B284F09600054EEB1 /* Project object */;
}
